
Microsoft Visual Studio Solution File, Format Version 12.00
# Visual Studio 15
VisualStudioVersion = 15.0.27004.2005
MinimumVisualStudioVersion = 10.0.40219.1
Project("{FAE04EC0-301F-11D3-BF4B-00C04F79EFBC}") = "FileMan", "FileMan\FileMan.csproj", "{F5A72C99-7BB0-43BE-9FE8-59386B6D0039}"
EndProject
Project("{FAE04EC0-301F-11D3-BF4B-00C04F79EFBC}") = "Oreo.FileMan", "Oreo.FileMan\Oreo.FileMan.csproj", "{44A1823B-EA31-4BAF-B264-0471C149D703}"
EndProject
Project("{FAE04EC0-301F-11D3-BF4B-00C04F79EFBC}") = "Azylee.WinformSkin", "Common.Utils\Azylee.WinformSkin\Azylee.WinformSkin.csproj", "{D280C16F-FDE2-4647-BD76-3514F673426D}"
EndProject
Global
	GlobalSection(SolutionConfigurationPlatforms) = preSolution
		Debug|Any CPU = Debug|Any CPU
		Release|Any CPU = Release|Any CPU
	EndGlobalSection
	GlobalSection(ProjectConfigurationPlatforms) = postSolution
		{F5A72C99-7BB0-43BE-9FE8-59386B6D0039}.Debug|Any CPU.ActiveCfg = Debug|Any CPU
		{F5A72C99-7BB0-43BE-9FE8-59386B6D0039}.Debug|Any CPU.Build.0 = Debug|Any CPU
		{F5A72C99-7BB0-43BE-9FE8-59386B6D0039}.Release|Any CPU.ActiveCfg = Release|Any CPU
		{F5A72C99-7BB0-43BE-9FE8-59386B6D0039}.Release|Any CPU.Build.0 = Release|Any CPU
		{44A1823B-EA31-4BAF-B264-0471C149D703}.Debug|Any CPU.ActiveCfg = Debug|Any CPU
		{44A1823B-EA31-4BAF-B264-0471C149D703}.Debug|Any CPU.Build.0 = Debug|Any CPU
		{44A1823B-EA31-4BAF-B264-0471C149D703}.Release|Any CPU.ActiveCfg = Release|Any CPU
		{44A1823B-EA31-4BAF-B264-0471C149D703}.Release|Any CPU.Build.0 = Release|Any CPU
		{D280C16F-FDE2-4647-BD76-3514F673426D}.Debug|Any CPU.ActiveCfg = Debug|Any CPU
		{D280C16F-FDE2-4647-BD76-3514F673426D}.Debug|Any CPU.Build.0 = Debug|Any CPU
		{D280C16F-FDE2-4647-BD76-3514F673426D}.Release|Any CPU.ActiveCfg = Release|Any CPU
		{D280C16F-FDE2-4647-BD76-3514F673426D}.Release|Any CPU.Build.0 = Release|Any CPU
	EndGlobalSection
	GlobalSection(SolutionProperties) = preSolution
		HideSolutionNode = FALSE
	EndGlobalSection
	GlobalSection(ExtensibilityGlobals) = postSolution
		SolutionGuid = {C06D19EA-934D-44A1-A069-2AAFE9A00926}
	EndGlobalSection
EndGlobal
